
Microsoft Visual Studio Solution File, Format Version 12.00
# Visual Studio Version 17
VisualStudioVersion = 17.13.35931.197 d17.13
MinimumVisualStudioVersion = 10.0.40219.1
Project("{FAE04EC0-301F-11D3-BF4B-00C04F79EFBC}") = "OllamaConsole", "OllamaConsole\OllamaConsole.csproj", "{099BADF5-BE7E-4813-A0B7-B4D8D47390AA}"
EndProject
Global
	GlobalSection(SolutionConfigurationPlatforms) = preSolution
		Debug|Any CPU = Debug|Any CPU
		Release|Any CPU = Release|Any CPU
	EndGlobalSection
	GlobalSection(ProjectConfigurationPlatforms) = postSolution
		{099BADF5-BE7E-4813-A0B7-B4D8D47390AA}.Debug|Any CPU.ActiveCfg = Debug|Any CPU
		{099BADF5-BE7E-4813-A0B7-B4D8D47390AA}.Debug|Any CPU.Build.0 = Debug|Any CPU
		{099BADF5-BE7E-4813-A0B7-B4D8D47390AA}.Release|Any CPU.ActiveCfg = Release|Any CPU
		{099BADF5-BE7E-4813-A0B7-B4D8D47390AA}.Release|Any CPU.Build.0 = Release|Any CPU
	EndGlobalSection
	GlobalSection(SolutionProperties) = preSolution
		HideSolutionNode = FALSE
	EndGlobalSection
	GlobalSection(ExtensibilityGlobals) = postSolution
		SolutionGuid = {DEE2AE10-C6DF-4C0A-A7CC-3F62E2C4846A}
	EndGlobalSection
EndGlobal
